
Microsoft Visual Studio Solution File, Format Version 12.00
# Visual Studio Version 16
VisualStudioVersion = 16.0.31702.278
MinimumVisualStudioVersion = 10.0.40219.1
Project("{9A19103F-16F7-4668-BE54-9A1E7A4F7556}") = "LoLAPI", "LoLAPI\LoLAPI.csproj", "{8586A575-C51A-4380-819C-F6708E3B0329}"
EndProject
Global
	GlobalSection(SolutionConfigurationPlatforms) = preSolution
		Debug|Any CPU = Debug|Any CPU
		Release|Any CPU = Release|Any CPU
	EndGlobalSection
	GlobalSection(ProjectConfigurationPlatforms) = postSolution
		{8586A575-C51A-4380-819C-F6708E3B0329}.Debug|Any CPU.ActiveCfg = Debug|Any CPU
		{8586A575-C51A-4380-819C-F6708E3B0329}.Debug|Any CPU.Build.0 = Debug|Any CPU
		{8586A575-C51A-4380-819C-F6708E3B0329}.Release|Any CPU.ActiveCfg = Release|Any CPU
		{8586A575-C51A-4380-819C-F6708E3B0329}.Release|Any CPU.Build.0 = Release|Any CPU
	EndGlobalSection
	GlobalSection(SolutionProperties) = preSolution
		HideSolutionNode = FALSE
	EndGlobalSection
	GlobalSection(ExtensibilityGlobals) = postSolution
		SolutionGuid = {4C1C08BD-4629-40C3-A7B8-76C3B1D714BB}
	EndGlobalSection
EndGlobal
